
Microsoft Visual Studio Solution File, Format Version 12.00
# Visual Studio Version 16
VisualStudioVersion = 16.0.34601.136
MinimumVisualStudioVersion = 10.0.40219.1
Project("{8BC9CEB8-8B4A-11D0-8D11-00A0C91BC942}") = "CRC_Project", "CRC_Project.vcxproj", "{8B26C3C4-FD14-4927-8656-461208EBF5F7}"
EndProject
Global
	GlobalSection(SolutionConfigurationPlatforms) = preSolution
		Debug|x64 = Debug|x64
		Debug|x86 = Debug|x86
		Release|x64 = Release|x64
		Release|x86 = Release|x86
	EndGlobalSection
	GlobalSection(ProjectConfigurationPlatforms) = postSolution
		{8B26C3C4-FD14-4927-8656-461208EBF5F7}.Debug|x64.ActiveCfg = Debug|x64
		{8B26C3C4-FD14-4927-8656-461208EBF5F7}.Debug|x64.Build.0 = Debug|x64
		{8B26C3C4-FD14-4927-8656-461208EBF5F7}.Debug|x86.ActiveCfg = Debug|Win32
		{8B26C3C4-FD14-4927-8656-461208EBF5F7}.Debug|x86.Build.0 = Debug|Win32
		{8B26C3C4-FD14-4927-8656-461208EBF5F7}.Release|x64.ActiveCfg = Release|x64
		{8B26C3C4-FD14-4927-8656-461208EBF5F7}.Release|x64.Build.0 = Release|x64
		{8B26C3C4-FD14-4927-8656-461208EBF5F7}.Release|x86.ActiveCfg = Release|Win32
		{8B26C3C4-FD14-4927-8656-461208EBF5F7}.Release|x86.Build.0 = Release|Win32
	EndGlobalSection
	GlobalSection(SolutionProperties) = preSolution
		HideSolutionNode = FALSE
	EndGlobalSection
	GlobalSection(ExtensibilityGlobals) = postSolution
		SolutionGuid = {2AC623B4-2FA3-4077-AA19-6EE9924F8A8E}
	EndGlobalSection
EndGlobal
